{
    "_meta": {
        "hash": {
            "sha256": "f08934f06af8bf16f478f74491e9343566dafc5a39c682fd3d1108efea8d8fbd"
        },
        "host-environment-markers": {
            "implementation_name": "cpython",
            "implementation_version": "0",
            "os_name": "posix",
            "platform_machine": "x86_64",
            "platform_python_implementation": "CPython",
            "platform_release": "4.14.0-1-amd64",
            "platform_system": "Linux",
            "platform_version": "#1 SMP Debian 4.14.2-1 (2017-11-30)",
            "python_full_version": "2.7.14+",
            "python_version": "2.7",
            "sys_platform": "linux2"
        },
        "pipfile-spec": 6,
        "requires": {
            "python_version": "2.7"
        },
        "sources": [
            {
                "name": "pypi",
                "url": "https://pypi.python.org/simple",
                "verify_ssl": true
            }
        ]
    },
    "default": {
        "args": {
            "hashes": [
                "sha256:a785b8d837625e9b61c39108532d95b85274acd679693b71ebb5156848fcf814"
            ],
            "version": "==0.1.0"
        },
        "clint": {
            "hashes": [
                "sha256:05224c32b1075563d0b16d0015faaf9da43aa214e4a2140e51f08789e7a4c5aa"
            ],
            "version": "==0.5.1"
        },
        "coverage": {
            "hashes": [
                "sha256:d1ee76f560c3c3e8faada866a07a32485445e16ed2206ac8378bd90dadffb9f0",
                "sha256:007eeef7e23f9473622f7d94a3e029a45d55a92a1f083f0f3512f5ab9a669b05",
                "sha256:17307429935f96c986a1b1674f78079528833410750321d22b5fb35d1883828e",
                "sha256:845fddf89dca1e94abe168760a38271abfc2e31863fbb4ada7f9a99337d7c3dc",
                "sha256:3f4d0b3403d3e110d2588c275540649b1841725f5a11a7162620224155d00ba2",
                "sha256:4c4f368ffe1c2e7602359c2c50233269f3abe1c48ca6b288dcd0fb1d1c679733",
                "sha256:f8c55dd0f56d3d618dfacf129e010cbe5d5f94b6951c1b2f13ab1a2f79c284da",
                "sha256:cdd92dd9471e624cd1d8c1a2703d25f114b59b736b0f1f659a98414e535ffb3d",
                "sha256:2ad357d12971e77360034c1596011a03f50c0f9e1ecd12e081342b8d1aee2236",
                "sha256:e9a0e1caed2a52f15c96507ab78a48f346c05681a49c5b003172f8073da6aa6b",
                "sha256:eea9135432428d3ca7ee9be86af27cb8e56243f73764a9b6c3e0bda1394916be",
                "sha256:700d7579995044dc724847560b78ac786f0ca292867447afda7727a6fbaa082e",
                "sha256:66f393e10dd866be267deb3feca39babba08ae13763e0fc7a1063cbe1f8e49f6",
                "sha256:5ff16548492e8a12e65ff3d55857ccd818584ed587a6c2898a9ebbe09a880674",
                "sha256:d00e29b78ff610d300b2c37049a41234d48ea4f2d2581759ebcf67caaf731c31",
                "sha256:87d942863fe74b1c3be83a045996addf1639218c2cb89c5da18c06c0fe3917ea",
                "sha256:358d635b1fc22a425444d52f26287ae5aea9e96e254ff3c59c407426f44574f4",
                "sha256:81912cfe276e0069dca99e1e4e6be7b06b5fc8342641c6b472cb2fed7de7ae18",
                "sha256:079248312838c4c8f3494934ab7382a42d42d5f365f0cf7516f938dbb3f53f3f",
                "sha256:b0059630ca5c6b297690a6bf57bf2fdac1395c24b7935fd73ee64190276b743b",
                "sha256:493082f104b5ca920e97a485913de254cbe351900deed72d4264571c73464cd0",
                "sha256:e3ba9b14607c23623cf38f90b23f5bed4a3be87cbfa96e2e9f4eabb975d1e98b",
                "sha256:82cbd3317320aa63c65555aa4894bf33a13fb3a77f079059eb5935eea415938d",
                "sha256:9721f1b7275d3112dc7ccf63f0553c769f09b5c25a26ee45872c7f5c09edf6c1",
                "sha256:bd4800e32b4c8d99c3a2c943f1ac430cbf80658d884123d19639bcde90dad44a",
                "sha256:f29841e865590af72c4b90d7b5b8e93fd560f5dea436c1d5ee8053788f9285de",
                "sha256:f3a5c6d054c531536a83521c00e5d4004f1e126e2e2556ce399bef4180fbe540",
                "sha256:dd707a21332615108b736ef0b8513d3edaf12d2a7d5fc26cd04a169a8ae9b526",
                "sha256:2e1a5c6adebb93c3b175103c2f855eda957283c10cf937d791d81bef8872d6ca",
                "sha256:f87f522bde5540d8a4b11df80058281ac38c44b13ce29ced1e294963dd51a8f8",
                "sha256:a7cfaebd8f24c2b537fa6a271229b051cdac9c1734bb6f939ccfc7c055689baa",
                "sha256:309d91bd7a35063ec7a0e4d75645488bfab3f0b66373e7722f23da7f5b0f34cc",
                "sha256:0388c12539372bb92d6dde68b4627f0300d948965bbb7fc104924d715fdc0965",
                "sha256:ab3508df9a92c1d3362343d235420d08e2662969b83134f8a97dc1451cbe5e84",
                "sha256:43a155eb76025c61fc20c3d03b89ca28efa6f5be572ab6110b2fb68eda96bfea",
                "sha256:f98b461cb59f117887aa634a66022c0bd394278245ed51189f63a036516e32de",
                "sha256:b6cebae1502ce5b87d7c6f532fa90ab345cfbda62b95aeea4e431e164d498a3d",
                "sha256:a4497faa4f1c0fc365ba05eaecfb6b5d24e3c8c72e95938f9524e29dadb15e76",
                "sha256:2b4d7f03a8a6632598cbc5df15bbca9f778c43db7cf1a838f4fa2c8599a8691a",
                "sha256:1afccd7e27cac1b9617be8c769f6d8a6d363699c9b86820f40c74cfb3328921c"
            ],
            "version": "==4.4.2"
        },
        "e1839a8": {
            "editable": true,
            "path": "."
        }
    },
    "develop": {
        "args": {
            "hashes": [
                "sha256:a785b8d837625e9b61c39108532d95b85274acd679693b71ebb5156848fcf814"
            ],
            "version": "==0.1.0"
        },
        "clint": {
            "hashes": [
                "sha256:05224c32b1075563d0b16d0015faaf9da43aa214e4a2140e51f08789e7a4c5aa"
            ],
            "version": "==0.5.1"
        },
        "coverage": {
            "hashes": [
                "sha256:d1ee76f560c3c3e8faada866a07a32485445e16ed2206ac8378bd90dadffb9f0",
                "sha256:007eeef7e23f9473622f7d94a3e029a45d55a92a1f083f0f3512f5ab9a669b05",
                "sha256:17307429935f96c986a1b1674f78079528833410750321d22b5fb35d1883828e",
                "sha256:845fddf89dca1e94abe168760a38271abfc2e31863fbb4ada7f9a99337d7c3dc",
                "sha256:3f4d0b3403d3e110d2588c275540649b1841725f5a11a7162620224155d00ba2",
                "sha256:4c4f368ffe1c2e7602359c2c50233269f3abe1c48ca6b288dcd0fb1d1c679733",
                "sha256:f8c55dd0f56d3d618dfacf129e010cbe5d5f94b6951c1b2f13ab1a2f79c284da",
                "sha256:cdd92dd9471e624cd1d8c1a2703d25f114b59b736b0f1f659a98414e535ffb3d",
                "sha256:2ad357d12971e77360034c1596011a03f50c0f9e1ecd12e081342b8d1aee2236",
                "sha256:e9a0e1caed2a52f15c96507ab78a48f346c05681a49c5b003172f8073da6aa6b",
                "sha256:eea9135432428d3ca7ee9be86af27cb8e56243f73764a9b6c3e0bda1394916be",
                "sha256:700d7579995044dc724847560b78ac786f0ca292867447afda7727a6fbaa082e",
                "sha256:66f393e10dd866be267deb3feca39babba08ae13763e0fc7a1063cbe1f8e49f6",
                "sha256:5ff16548492e8a12e65ff3d55857ccd818584ed587a6c2898a9ebbe09a880674",
                "sha256:d00e29b78ff610d300b2c37049a41234d48ea4f2d2581759ebcf67caaf731c31",
                "sha256:87d942863fe74b1c3be83a045996addf1639218c2cb89c5da18c06c0fe3917ea",
                "sha256:358d635b1fc22a425444d52f26287ae5aea9e96e254ff3c59c407426f44574f4",
                "sha256:81912cfe276e0069dca99e1e4e6be7b06b5fc8342641c6b472cb2fed7de7ae18",
                "sha256:079248312838c4c8f3494934ab7382a42d42d5f365f0cf7516f938dbb3f53f3f",
                "sha256:b0059630ca5c6b297690a6bf57bf2fdac1395c24b7935fd73ee64190276b743b",
                "sha256:493082f104b5ca920e97a485913de254cbe351900deed72d4264571c73464cd0",
                "sha256:e3ba9b14607c23623cf38f90b23f5bed4a3be87cbfa96e2e9f4eabb975d1e98b",
                "sha256:82cbd3317320aa63c65555aa4894bf33a13fb3a77f079059eb5935eea415938d",
                "sha256:9721f1b7275d3112dc7ccf63f0553c769f09b5c25a26ee45872c7f5c09edf6c1",
                "sha256:bd4800e32b4c8d99c3a2c943f1ac430cbf80658d884123d19639bcde90dad44a",
                "sha256:f29841e865590af72c4b90d7b5b8e93fd560f5dea436c1d5ee8053788f9285de",
                "sha256:f3a5c6d054c531536a83521c00e5d4004f1e126e2e2556ce399bef4180fbe540",
                "sha256:dd707a21332615108b736ef0b8513d3edaf12d2a7d5fc26cd04a169a8ae9b526",
                "sha256:2e1a5c6adebb93c3b175103c2f855eda957283c10cf937d791d81bef8872d6ca",
                "sha256:f87f522bde5540d8a4b11df80058281ac38c44b13ce29ced1e294963dd51a8f8",
                "sha256:a7cfaebd8f24c2b537fa6a271229b051cdac9c1734bb6f939ccfc7c055689baa",
                "sha256:309d91bd7a35063ec7a0e4d75645488bfab3f0b66373e7722f23da7f5b0f34cc",
                "sha256:0388c12539372bb92d6dde68b4627f0300d948965bbb7fc104924d715fdc0965",
                "sha256:ab3508df9a92c1d3362343d235420d08e2662969b83134f8a97dc1451cbe5e84",
                "sha256:43a155eb76025c61fc20c3d03b89ca28efa6f5be572ab6110b2fb68eda96bfea",
                "sha256:f98b461cb59f117887aa634a66022c0bd394278245ed51189f63a036516e32de",
                "sha256:b6cebae1502ce5b87d7c6f532fa90ab345cfbda62b95aeea4e431e164d498a3d",
                "sha256:a4497faa4f1c0fc365ba05eaecfb6b5d24e3c8c72e95938f9524e29dadb15e76",
                "sha256:2b4d7f03a8a6632598cbc5df15bbca9f778c43db7cf1a838f4fa2c8599a8691a",
                "sha256:1afccd7e27cac1b9617be8c769f6d8a6d363699c9b86820f40c74cfb3328921c"
            ],
            "version": "==4.4.2"
        },
        "doublex": {
            "hashes": [
                "sha256:062af49d9e4148bc47b7512d3fdc8e145dea4671d074ffd54b2464a19d3757ab"
            ],
            "version": "==1.8.4"
        },
        "doublex-expects": {
            "hashes": [
                "sha256:5421bd92319c77ccc5a81d595d06e9c9f7f670de342b33e8007a81e70f9fade8"
            ],
            "version": "==0.7.0rc2"
        },
        "e1839a8": {
            "editable": true,
            "path": "."
        },
        "expects": {
            "hashes": [
                "sha256:37538d7b0fa9c0d53e37d07b0e8c07d89754d3deec1f0f8ed1be27f4f10363dd"
            ],
            "version": "==0.8.0"
        },
        "funcsigs": {
            "hashes": [
                "sha256:330cc27ccbf7f1e992e69fef78261dc7c6569012cf397db8d3de0234e6c937ca",
                "sha256:a7bb0f2cf3a3fd1ab2732cb49eba4252c2af4240442415b4abce3b87022a8f50"
            ],
            "markers": "python_version < '3.3'",
            "version": "==1.0.2"
        },
        "mock": {
            "hashes": [
                "sha256:5ce3c71c5545b472da17b72268978914d0252980348636840bd34a00b5cc96c1",
                "sha256:b158b6df76edd239b8208d481dc46b6afd45a846b7812ff0ce58971cf5bc8bba"
            ],
            "version": "==2.0.0"
        },
        "pbr": {
            "hashes": [
                "sha256:60c25b7dfd054ef9bb0ae327af949dd4676aa09ac3a9471cdc871d8a9213f9ac",
                "sha256:05f61c71aaefc02d8e37c0a3eeb9815ff526ea28b3b76324769e6158d7f95be1"
            ],
            "version": "==3.1.1"
        },
        "pyhamcrest": {
            "hashes": [
                "sha256:f30e9a310bcc1808de817a92e95169ffd16b60cbc5a016a49c8d0e8ababfae79",
                "sha256:6b672c02fdf7470df9674ab82263841ce8333fb143f32f021f6cb26f0e512420",
                "sha256:bac0bea7358666ce52e3c6c85139632ed89f115e9af52d44b3c36e0bf8cf16a9",
                "sha256:7a4bdade0ed98c699d728191a058a60a44d2f9c213c51e2dd1e6fb42f2c6128a",
                "sha256:8ffaa0a53da57e89de14ced7185ac746227a8894dbd5a3c718bf05ddbd1d56cd"
            ],
            "version": "==1.9.0"
        },
        "six": {
            "hashes": [
                "sha256:832dc0e10feb1aa2c68dcc57dbb658f1c7e65b9b61af69048abc87a2db00a0eb",
                "sha256:70e8a77beed4562e7f14fe23a786b54f6296e34344c23bc42f07b15018ff98e9"
            ],
            "version": "==1.11.0"
        }
    }
}
